
Microsoft Visual Studio Solution File, Format Version 12.00
# Visual Studio Version 17
VisualStudioVersion = 17.10.35013.160
MinimumVisualStudioVersion = 10.0.40219.1
Project("{FAE04EC0-301F-11D3-BF4B-00C04F79EFBC}") = "PoEWizard", "PoEWizard.csproj", "{3924E57C-474A-43BD-8B71-DB87A4D2775D}"
EndProject
Global
	GlobalSection(SolutionConfigurationPlatforms) = preSolution
		Debug|Any CPU = Debug|Any CPU
		Release|Any CPU = Release|Any CPU
	EndGlobalSection
	GlobalSection(ProjectConfigurationPlatforms) = postSolution
		{3924E57C-474A-43BD-8B71-DB87A4D2775D}.Debug|Any CPU.ActiveCfg = Debug|Any CPU
		{3924E57C-474A-43BD-8B71-DB87A4D2775D}.Debug|Any CPU.Build.0 = Debug|Any CPU
		{3924E57C-474A-43BD-8B71-DB87A4D2775D}.Release|Any CPU.ActiveCfg = Release|Any CPU
		{3924E57C-474A-43BD-8B71-DB87A4D2775D}.Release|Any CPU.Build.0 = Release|Any CPU
	EndGlobalSection
	GlobalSection(SolutionProperties) = preSolution
		HideSolutionNode = FALSE
	EndGlobalSection
	GlobalSection(ExtensibilityGlobals) = postSolution
		SolutionGuid = {97D7DDCA-0CF4-42CA-B8BD-B4BC35D5AFEB}
	EndGlobalSection
EndGlobal
